
Microsoft Visual Studio Solution File, Format Version 12.00
# Visual Studio Version 17
VisualStudioVersion = 17.3.32825.248
MinimumVisualStudioVersion = 10.0.40219.1
Project("{9A19103F-16F7-4668-BE54-9A1E7A4F7556}") = "CarSharingApp.Web", "CarSharingApp.Web\CarSharingApp.Web.csproj", "{037D0F4F-073D-42C6-8168-552E3BC346CC}"
EndProject
Project("{2150E333-8FDC-42A3-9474-1A3956D46DE8}") = "src", "src", "{99A490E7-9C87-4774-9FD9-F718E54A6F7C}"
EndProject
Project("{2150E333-8FDC-42A3-9474-1A3956D46DE8}") = "Core", "Core", "{AAC849B5-3B2C-4844-A788-F43BD372E9E7}"
EndProject
Project("{2150E333-8FDC-42A3-9474-1A3956D46DE8}") = "External", "External", "{09163B37-0866-4FFF-987D-3A132174B08D}"
EndProject
Project("{9A19103F-16F7-4668-BE54-9A1E7A4F7556}") = "CarSharingApp.Application", "Application\CarSharingApp.Application.csproj", "{DA7A05C8-BD9F-4CB0-BEDD-7E6EFA84784F}"
EndProject
Project("{9A19103F-16F7-4668-BE54-9A1E7A4F7556}") = "CarSharingApp.Domain", "Domain\CarSharingApp.Domain.csproj", "{A2AD5A8B-3FC4-4D30-81AC-665164497DE8}"
EndProject
Project("{9A19103F-16F7-4668-BE54-9A1E7A4F7556}") = "CarSharingApp.Infrastructure", "Infrastructure\CarSharingApp.Infrastructure.csproj", "{C2319056-B129-4470-B515-67416878E2AC}"
EndProject
Project("{2150E333-8FDC-42A3-9474-1A3956D46DE8}") = "tests", "tests", "{A3160ACE-F358-4620-B6D2-D31CF9581E49}"
EndProject
Project("{9A19103F-16F7-4668-BE54-9A1E7A4F7556}") = "CarSharingApp.PublicApi", "CarSharingApp.PublicApi\CarSharingApp.PublicApi.csproj", "{A07A0236-20AE-423D-B9AF-4AA8919061D0}"
EndProject
Global
	GlobalSection(SolutionConfigurationPlatforms) = preSolution
		Debug|Any CPU = Debug|Any CPU
		Release|Any CPU = Release|Any CPU
	EndGlobalSection
	GlobalSection(ProjectConfigurationPlatforms) = postSolution
		{037D0F4F-073D-42C6-8168-552E3BC346CC}.Debug|Any CPU.ActiveCfg = Debug|Any CPU
		{037D0F4F-073D-42C6-8168-552E3BC346CC}.Debug|Any CPU.Build.0 = Debug|Any CPU
		{037D0F4F-073D-42C6-8168-552E3BC346CC}.Release|Any CPU.ActiveCfg = Release|Any CPU
		{037D0F4F-073D-42C6-8168-552E3BC346CC}.Release|Any CPU.Build.0 = Release|Any CPU
		{DA7A05C8-BD9F-4CB0-BEDD-7E6EFA84784F}.Debug|Any CPU.ActiveCfg = Debug|Any CPU
		{DA7A05C8-BD9F-4CB0-BEDD-7E6EFA84784F}.Debug|Any CPU.Build.0 = Debug|Any CPU
		{DA7A05C8-BD9F-4CB0-BEDD-7E6EFA84784F}.Release|Any CPU.ActiveCfg = Release|Any CPU
		{DA7A05C8-BD9F-4CB0-BEDD-7E6EFA84784F}.Release|Any CPU.Build.0 = Release|Any CPU
		{A2AD5A8B-3FC4-4D30-81AC-665164497DE8}.Debug|Any CPU.ActiveCfg = Debug|Any CPU
		{A2AD5A8B-3FC4-4D30-81AC-665164497DE8}.Debug|Any CPU.Build.0 = Debug|Any CPU
		{A2AD5A8B-3FC4-4D30-81AC-665164497DE8}.Release|Any CPU.ActiveCfg = Release|Any CPU
		{A2AD5A8B-3FC4-4D30-81AC-665164497DE8}.Release|Any CPU.Build.0 = Release|Any CPU
		{C2319056-B129-4470-B515-67416878E2AC}.Debug|Any CPU.ActiveCfg = Debug|Any CPU
		{C2319056-B129-4470-B515-67416878E2AC}.Debug|Any CPU.Build.0 = Debug|Any CPU
		{C2319056-B129-4470-B515-67416878E2AC}.Release|Any CPU.ActiveCfg = Release|Any CPU
		{C2319056-B129-4470-B515-67416878E2AC}.Release|Any CPU.Build.0 = Release|Any CPU
		{A07A0236-20AE-423D-B9AF-4AA8919061D0}.Debug|Any CPU.ActiveCfg = Debug|Any CPU
		{A07A0236-20AE-423D-B9AF-4AA8919061D0}.Debug|Any CPU.Build.0 = Debug|Any CPU
		{A07A0236-20AE-423D-B9AF-4AA8919061D0}.Release|Any CPU.ActiveCfg = Release|Any CPU
		{A07A0236-20AE-423D-B9AF-4AA8919061D0}.Release|Any CPU.Build.0 = Release|Any CPU
	EndGlobalSection
	GlobalSection(SolutionProperties) = preSolution
		HideSolutionNode = FALSE
	EndGlobalSection
	GlobalSection(NestedProjects) = preSolution
		{037D0F4F-073D-42C6-8168-552E3BC346CC} = {99A490E7-9C87-4774-9FD9-F718E54A6F7C}
		{AAC849B5-3B2C-4844-A788-F43BD372E9E7} = {99A490E7-9C87-4774-9FD9-F718E54A6F7C}
		{09163B37-0866-4FFF-987D-3A132174B08D} = {99A490E7-9C87-4774-9FD9-F718E54A6F7C}
		{DA7A05C8-BD9F-4CB0-BEDD-7E6EFA84784F} = {AAC849B5-3B2C-4844-A788-F43BD372E9E7}
		{A2AD5A8B-3FC4-4D30-81AC-665164497DE8} = {AAC849B5-3B2C-4844-A788-F43BD372E9E7}
		{C2319056-B129-4470-B515-67416878E2AC} = {09163B37-0866-4FFF-987D-3A132174B08D}
		{A07A0236-20AE-423D-B9AF-4AA8919061D0} = {99A490E7-9C87-4774-9FD9-F718E54A6F7C}
	EndGlobalSection
	GlobalSection(ExtensibilityGlobals) = postSolution
		SolutionGuid = {2960DF65-F957-481E-B90D-2B9D56A593D9}
	EndGlobalSection
EndGlobal
