
Microsoft Visual Studio Solution File, Format Version 12.00
# Visual Studio Version 17
VisualStudioVersion = 17.3.32825.248
MinimumVisualStudioVersion = 10.0.40219.1
Project("{FAE04EC0-301F-11D3-BF4B-00C04F79EFBC}") = "CarSharingApp.Web", "CarSharingApp.Web\CarSharingApp.Web.csproj", "{037D0F4F-073D-42C6-8168-552E3BC346CC}"
EndProject
Global
	GlobalSection(SolutionConfigurationPlatforms) = preSolution
		Debug|Any CPU = Debug|Any CPU
		Release|Any CPU = Release|Any CPU
	EndGlobalSection
	GlobalSection(ProjectConfigurationPlatforms) = postSolution
		{037D0F4F-073D-42C6-8168-552E3BC346CC}.Debug|Any CPU.ActiveCfg = Debug|Any CPU
		{037D0F4F-073D-42C6-8168-552E3BC346CC}.Debug|Any CPU.Build.0 = Debug|Any CPU
		{037D0F4F-073D-42C6-8168-552E3BC346CC}.Release|Any CPU.ActiveCfg = Release|Any CPU
		{037D0F4F-073D-42C6-8168-552E3BC346CC}.Release|Any CPU.Build.0 = Release|Any CPU
	EndGlobalSection
	GlobalSection(SolutionProperties) = preSolution
		HideSolutionNode = FALSE
	EndGlobalSection
	GlobalSection(ExtensibilityGlobals) = postSolution
		SolutionGuid = {2960DF65-F957-481E-B90D-2B9D56A593D9}
	EndGlobalSection
EndGlobal
